// !$*UTF8*$!
{
	archiveVersion = 1;
	classes = {
	};
	objectVersion = 55;
	objects = {

/* Begin PBXBuildFile section */
		5545EE892702690900583BF8 /* DrawingApp.swift in Sources */ = {isa = PBXBuildFile; fileRef = 5545EE792702690600583BF8 /* DrawingApp.swift */; };
		5545EE8A2702690900583BF8 /* DrawingApp.swift in Sources */ = {isa = PBXBuildFile; fileRef = 5545EE792702690600583BF8 /* DrawingApp.swift */; };
		5545EE8B2702690900583BF8 /* ContentView.swift in Sources */ = {isa = PBXBuildFile; fileRef = 5545EE7A2702690600583BF8 /* ContentView.swift */; };
		5545EE8C2702690900583BF8 /* ContentView.swift in Sources */ = {isa = PBXBuildFile; fileRef = 5545EE7A2702690600583BF8 /* ContentView.swift */; };
		5545EE8D2702690900583BF8 /* Assets.xcassets in Resources */ = {isa = PBXBuildFile; fileRef = 5545EE7B2702690900583BF8 /* Assets.xcassets */; };
		5545EE8E2702690900583BF8 /* Assets.xcassets in Resources */ = {isa = PBXBuildFile; fileRef = 5545EE7B2702690900583BF8 /* Assets.xcassets */; };
		5545EE9827038E8800583BF8 /* Flower.swift in Sources */ = {isa = PBXBuildFile; fileRef = 5545EE9727038E8800583BF8 /* Flower.swift */; };
		5545EE9927038E8800583BF8 /* Flower.swift in Sources */ = {isa = PBXBuildFile; fileRef = 5545EE9727038E8800583BF8 /* Flower.swift */; };
		5545EE9B27038EDF00583BF8 /* Arrow.swift in Sources */ = {isa = PBXBuildFile; fileRef = 5545EE9A27038EDF00583BF8 /* Arrow.swift */; };
		5545EE9C27038EDF00583BF8 /* Arrow.swift in Sources */ = {isa = PBXBuildFile; fileRef = 5545EE9A27038EDF00583BF8 /* Arrow.swift */; };
		5545EE9E27038F1600583BF8 /* ColorCycling.swift in Sources */ = {isa = PBXBuildFile; fileRef = 5545EE9D27038F1600583BF8 /* ColorCycling.swift */; };
		5545EE9F27038F1600583BF8 /* ColorCycling.swift in Sources */ = {isa = PBXBuildFile; fileRef = 5545EE9D27038F1600583BF8 /* ColorCycling.swift */; };
/* End PBXBuildFile section */

/* Begin PBXFileReference section */
		5545EE792702690600583BF8 /* DrawingApp.swift */ = {isa = PBXFileReference; lastKnownFileType = sourcecode.swift; path = DrawingApp.swift; sourceTree = "<group>"; };
		5545EE7A2702690600583BF8 /* ContentView.swift */ = {isa = PBXFileReference; lastKnownFileType = sourcecode.swift; path = ContentView.swift; sourceTree = "<group>"; };
		5545EE7B2702690900583BF8 /* Assets.xcassets */ = {isa = PBXFileReference; lastKnownFileType = folder.assetcatalog; path = Assets.xcassets; sourceTree = "<group>"; };
		5545EE802702690900583BF8 /* Drawing.app */ = {isa = PBXFileReference; explicitFileType = wrapper.application; includeInIndex = 0; path = Drawing.app; sourceTree = BUILT_PRODUCTS_DIR; };
		5545EE862702690900583BF8 /* Drawing.app */ = {isa = PBXFileReference; explicitFileType = wrapper.application; includeInIndex = 0; path = Drawing.app; sourceTree = BUILT_PRODUCTS_DIR; };
		5545EE882702690900583BF8 /* macOS.entitlements */ = {isa = PBXFileReference; lastKnownFileType = text.plist.entitlements; path = macOS.entitlements; sourceTree = "<group>"; };
		5545EE9727038E8800583BF8 /* Flower.swift */ = {isa = PBXFileReference; lastKnownFileType = sourcecode.swift; path = Flower.swift; sourceTree = "<group>"; };
		5545EE9A27038EDF00583BF8 /* Arrow.swift */ = {isa = PBXFileReference; lastKnownFileType = sourcecode.swift; path = Arrow.swift; sourceTree = "<group>"; };
		5545EE9D27038F1600583BF8 /* ColorCycling.swift */ = {isa = PBXFileReference; lastKnownFileType = sourcecode.swift; path = ColorCycling.swift; sourceTree = "<group>"; };
/* End PBXFileReference section */

/* Begin PBXFrameworksBuildPhase section */
		5545EE7D2702690900583BF8 /* Frameworks */ = {
			isa = PBXFrameworksBuildPhase;
			buildActionMask = 2147483647;
			files = (
			);
			runOnlyForDeploymentPostprocessing = 0;
		};
		5545EE832702690900583BF8 /* Frameworks */ = {
			isa = PBXFrameworksBuildPhase;
			buildActionMask = 2147483647;
			files = (
			);
			runOnlyForDeploymentPostprocessing = 0;
		};
/* End PBXFrameworksBuildPhase section */

/* Begin PBXGroup section */
		5545EE732702690500583BF8 = {
			isa = PBXGroup;
			children = (
				5545EE782702690600583BF8 /* Shared */,
				5545EE872702690900583BF8 /* macOS */,
				5545EE812702690900583BF8 /* Products */,
			);
			sourceTree = "<group>";
		};
		5545EE782702690600583BF8 /* Shared */ = {
			isa = PBXGroup;
			children = (
				5545EE792702690600583BF8 /* DrawingApp.swift */,
				5545EE7A2702690600583BF8 /* ContentView.swift */,
				5545EE9D27038F1600583BF8 /* ColorCycling.swift */,
				5545EE9A27038EDF00583BF8 /* Arrow.swift */,
				5545EE7B2702690900583BF8 /* Assets.xcassets */,
				5545EE9727038E8800583BF8 /* Flower.swift */,
			);
			path = Shared;
			sourceTree = "<group>";
		};
		5545EE812702690900583BF8 /* Products */ = {
			isa = PBXGroup;
			children = (
				5545EE802702690900583BF8 /* Drawing.app */,
				5545EE862702690900583BF8 /* Drawing.app */,
			);
			name = Products;
			sourceTree = "<group>";
		};
		5545EE872702690900583BF8 /* macOS */ = {
			isa = PBXGroup;
			children = (
				5545EE882702690900583BF8 /* macOS.entitlements */,
			);
			path = macOS;
			sourceTree = "<group>";
		};
/* End PBXGroup section */

/* Begin PBXNativeTarget section */
		5545EE7F2702690900583BF8 /* Drawing (iOS) */ = {
			isa = PBXNativeTarget;
			buildConfigurationList = 5545EE912702690900583BF8 /* Build configuration list for PBXNativeTarget "Drawing (iOS)" */;
			buildPhases = (
				5545EE7C2702690900583BF8 /* Sources */,
				5545EE7D2702690900583BF8 /* Frameworks */,
				5545EE7E2702690900583BF8 /* Resources */,
			);
			buildRules = (
			);
			dependencies = (
			);
			name = "Drawing (iOS)";
			productName = "Drawing (iOS)";
			productReference = 5545EE802702690900583BF8 /* Drawing.app */;
			productType = "com.apple.product-type.application";
		};
		5545EE852702690900583BF8 /* Drawing (macOS) */ = {
			isa = PBXNativeTarget;
			buildConfigurationList = 5545EE942702690900583BF8 /* Build configuration list for PBXNativeTarget "Drawing (macOS)" */;
			buildPhases = (
				5545EE822702690900583BF8 /* Sources */,
				5545EE832702690900583BF8 /* Frameworks */,
				5545EE842702690900583BF8 /* Resources */,
			);
			buildRules = (
			);
			dependencies = (
			);
			name = "Drawing (macOS)";
			productName = "Drawing (macOS)";
			productReference = 5545EE862702690900583BF8 /* Drawing.app */;
			productType = "com.apple.product-type.application";
		};
/* End PBXNativeTarget section */

/* Begin PBXProject section */
		5545EE742702690500583BF8 /* Project object */ = {
			isa = PBXProject;
			attributes = {
				BuildIndependentTargetsInParallel = 1;
				LastSwiftUpdateCheck = 1300;
				LastUpgradeCheck = 1300;
				TargetAttributes = {
					5545EE7F2702690900583BF8 = {
						CreatedOnToolsVersion = 13.0;
					};
					5545EE852702690900583BF8 = {
						CreatedOnToolsVersion = 13.0;
					};
				};
			};
			buildConfigurationList = 5545EE772702690500583BF8 /* Build configuration list for PBXProject "Drawing" */;
			compatibilityVersion = "Xcode 13.0";
			developmentRegion = en;
			hasScannedForEncodings = 0;
			knownRegions = (
				en,
				Base,
			);
			mainGroup = 5545EE732702690500583BF8;
			productRefGroup = 5545EE812702690900583BF8 /* Products */;
			projectDirPath = "";
			projectRoot = "";
			targets = (
				5545EE7F2702690900583BF8 /* Drawing (iOS) */,
				5545EE852702690900583BF8 /* Drawing (macOS) */,
			);
		};
/* End PBXProject section */

/* Begin PBXResourcesBuildPhase section */
		5545EE7E2702690900583BF8 /* Resources */ = {
			isa = PBXResourcesBuildPhase;
			buildActionMask = 2147483647;
			files = (
				5545EE8D2702690900583BF8 /* Assets.xcassets in Resources */,
			);
			runOnlyForDeploymentPostprocessing = 0;
		};
		5545EE842702690900583BF8 /* Resources */ = {
			isa = PBXResourcesBuildPhase;
			buildActionMask = 2147483647;
			files = (
				5545EE8E2702690900583BF8 /* Assets.xcassets in Resources */,
			);
			runOnlyForDeploymentPostprocessing = 0;
		};
/* End PBXResourcesBuildPhase section */

/* Begin PBXSourcesBuildPhase section */
		5545EE7C2702690900583BF8 /* Sources */ = {
			isa = PBXSourcesBuildPhase;
			buildActionMask = 2147483647;
			files = (
				5545EE8B2702690900583BF8 /* ContentView.swift in Sources */,
				5545EE9B27038EDF00583BF8 /* Arrow.swift in Sources */,
				5545EE892702690900583BF8 /* DrawingApp.swift in Sources */,
				5545EE9827038E8800583BF8 /* Flower.swift in Sources */,
				5545EE9E27038F1600583BF8 /* ColorCycling.swift in Sources */,
			);
			runOnlyForDeploymentPostprocessing = 0;
		};
		5545EE822702690900583BF8 /* Sources */ = {
			isa = PBXSourcesBuildPhase;
			buildActionMask = 2147483647;
			files = (
				5545EE8C2702690900583BF8 /* ContentView.swift in Sources */,
				5545EE9C27038EDF00583BF8 /* Arrow.swift in Sources */,
				5545EE8A2702690900583BF8 /* DrawingApp.swift in Sources */,
				5545EE9927038E8800583BF8 /* Flower.swift in Sources */,
				5545EE9F27038F1600583BF8 /* ColorCycling.swift in Sources */,
			);
			runOnlyForDeploymentPostprocessing = 0;
		};
/* End PBXSourcesBuildPhase section */

/* Begin XCBuildConfiguration section */
		5545EE8F2702690900583BF8 /* Debug */ = {
			isa = XCBuildConfiguration;
			buildSettings = {
				ALWAYS_SEARCH_USER_PATHS = NO;
				CLANG_ANALYZER_NONNULL = YES;
				CLANG_ANALYZER_NUMBER_OBJECT_CONVERSION = YES_AGGRESSIVE;
				CLANG_CXX_LANGUAGE_STANDARD = "gnu++17";
				CLANG_CXX_LIBRARY = "libc++";
				CLANG_ENABLE_MODULES = YES;
				CLANG_ENABLE_OBJC_ARC = YES;
				CLANG_ENABLE_OBJC_WEAK = YES;
				CLANG_WARN_BLOCK_CAPTURE_AUTORELEASING = YES;
				CLANG_WARN_BOOL_CONVERSION = YES;
				CLANG_WARN_COMMA = YES;
				CLANG_WARN_CONSTANT_CONVERSION = YES;
				CLANG_WARN_DEPRECATED_OBJC_IMPLEMENTATIONS = YES;
				CLANG_WARN_DIRECT_OBJC_ISA_USAGE = YES_ERROR;
				CLANG_WARN_DOCUMENTATION_COMMENTS = YES;
				CLANG_WARN_EMPTY_BODY = YES;
				CLANG_WARN_ENUM_CONVERSION = YES;
				CLANG_WARN_INFINITE_RECURSION = YES;
				CLANG_WARN_INT_CONVERSION = YES;
				CLANG_WARN_NON_LITERAL_NULL_CONVERSION = YES;
				CLANG_WARN_OBJC_IMPLICIT_RETAIN_SELF = YES;
				CLANG_WARN_OBJC_LITERAL_CONVERSION = YES;
				CLANG_WARN_OBJC_ROOT_CLASS = YES_ERROR;
				CLANG_WARN_QUOTED_INCLUDE_IN_FRAMEWORK_HEADER = YES;
				CLANG_WARN_RANGE_LOOP_ANALYSIS = YES;
				CLANG_WARN_STRICT_PROTOTYPES = YES;
				CLANG_WARN_SUSPICIOUS_MOVE = YES;
				CLANG_WARN_UNGUARDED_AVAILABILITY = YES_AGGRESSIVE;
				CLANG_WARN_UNREACHABLE_CODE = YES;
				CLANG_WARN__DUPLICATE_METHOD_MATCH = YES;
				COPY_PHASE_STRIP = NO;
				DEBUG_INFORMATION_FORMAT = dwarf;
				ENABLE_STRICT_OBJC_MSGSEND = YES;
				ENABLE_TESTABILITY = YES;
				GCC_C_LANGUAGE_STANDARD = gnu11;
				GCC_DYNAMIC_NO_PIC = NO;
				GCC_NO_COMMON_BLOCKS = YES;
				GCC_OPTIMIZATION_LEVEL = 0;
				GCC_PREPROCESSOR_DEFINITIONS = (
					"DEBUG=1",
					"$(inherited)",
				);
				GCC_WARN_64_TO_32_BIT_CONVERSION = YES;
				GCC_WARN_ABOUT_RETURN_TYPE = YES_ERROR;
				GCC_WARN_UNDECLARED_SELECTOR = YES;
				GCC_WARN_UNINITIALIZED_AUTOS = YES_AGGRESSIVE;
				GCC_WARN_UNUSED_FUNCTION = YES;
				GCC_WARN_UNUSED_VARIABLE = YES;
				MTL_ENABLE_DEBUG_INFO = INCLUDE_SOURCE;
				MTL_FAST_MATH = YES;
				ONLY_ACTIVE_ARCH = YES;
				SWIFT_ACTIVE_COMPILATION_CONDITIONS = DEBUG;
				SWIFT_OPTIMIZATION_LEVEL = "-Onone";
			};
			name = Debug;
		};
		5545EE902702690900583BF8 /* Release */ = {
			isa = XCBuildConfiguration;
			buildSettings = {
				ALWAYS_SEARCH_USER_PATHS = NO;
				CLANG_ANALYZER_NONNULL = YES;
				CLANG_ANALYZER_NUMBER_OBJECT_CONVERSION = YES_AGGRESSIVE;
				CLANG_CXX_LANGUAGE_STANDARD = "gnu++17";
				CLANG_CXX_LIBRARY = "libc++";
				CLANG_ENABLE_MODULES = YES;
				CLANG_ENABLE_OBJC_ARC = YES;
				CLANG_ENABLE_OBJC_WEAK = YES;
				CLANG_WARN_BLOCK_CAPTURE_AUTORELEASING = YES;
				CLANG_WARN_BOOL_CONVERSION = YES;
				CLANG_WARN_COMMA = YES;
				CLANG_WARN_CONSTANT_CONVERSION = YES;
				CLANG_WARN_DEPRECATED_OBJC_IMPLEMENTATIONS = YES;
				CLANG_WARN_DIRECT_OBJC_ISA_USAGE = YES_ERROR;
				CLANG_WARN_DOCUMENTATION_COMMENTS = YES;
				CLANG_WARN_EMPTY_BODY = YES;
				CLANG_WARN_ENUM_CONVERSION = YES;
				CLANG_WARN_INFINITE_RECURSION = YES;
				CLANG_WARN_INT_CONVERSION = YES;
				CLANG_WARN_NON_LITERAL_NULL_CONVERSION = YES;
				CLANG_WARN_OBJC_IMPLICIT_RETAIN_SELF = YES;
				CLANG_WARN_OBJC_LITERAL_CONVERSION = YES;
				CLANG_WARN_OBJC_ROOT_CLASS = YES_ERROR;
				CLANG_WARN_QUOTED_INCLUDE_IN_FRAMEWORK_HEADER = YES;
				CLANG_WARN_RANGE_LOOP_ANALYSIS = YES;
				CLANG_WARN_STRICT_PROTOTYPES = YES;
				CLANG_WARN_SUSPICIOUS_MOVE = YES;
				CLANG_WARN_UNGUARDED_AVAILABILITY = YES_AGGRESSIVE;
				CLANG_WARN_UNREACHABLE_CODE = YES;
				CLANG_WARN__DUPLICATE_METHOD_MATCH = YES;
				COPY_PHASE_STRIP = NO;
				DEBUG_INFORMATION_FORMAT = "dwarf-with-dsym";
				ENABLE_NS_ASSERTIONS = NO;
				ENABLE_STRICT_OBJC_MSGSEND = YES;
				GCC_C_LANGUAGE_STANDARD = gnu11;
				GCC_NO_COMMON_BLOCKS = YES;
				GCC_WARN_64_TO_32_BIT_CONVERSION = YES;
				GCC_WARN_ABOUT_RETURN_TYPE = YES_ERROR;
				GCC_WARN_UNDECLARED_SELECTOR = YES;
				GCC_WARN_UNINITIALIZED_AUTOS = YES_AGGRESSIVE;
				GCC_WARN_UNUSED_FUNCTION = YES;
				GCC_WARN_UNUSED_VARIABLE = YES;
				MTL_ENABLE_DEBUG_INFO = NO;
				MTL_FAST_MATH = YES;
				SWIFT_COMPILATION_MODE = wholemodule;
				SWIFT_OPTIMIZATION_LEVEL = "-O";
			};
			name = Release;
		};
		5545EE922702690900583BF8 /* Debug */ = {
			isa = XCBuildConfiguration;
			buildSettings = {
				ASSETCATALOG_COMPILER_APPICON_NAME = AppIcon;
				ASSETCATALOG_COMPILER_GLOBAL_ACCENT_COLOR_NAME = AccentColor;
				CODE_SIGN_STYLE = Automatic;
				CURRENT_PROJECT_VERSION = 1;
				DEVELOPMENT_TEAM = 4BKTHAXDJZ;
				ENABLE_PREVIEWS = YES;
				GENERATE_INFOPLIST_FILE = YES;
				INFOPLIST_KEY_UIApplicationSceneManifest_Generation = YES;
				INFOPLIST_KEY_UIApplicationSupportsIndirectInputEvents = YES;
				INFOPLIST_KEY_UILaunchScreen_Generation = YES;
				INFOPLIST_KEY_UISupportedInterfaceOrientations_iPad = "UIInterfaceOrientationPortrait UIInterfaceOrientationPortraitUpsideDown UIInterfaceOrientationLandscapeLeft UIInterfaceOrientationLandscapeRight";
				INFOPLIST_KEY_UISupportedInterfaceOrientations_iPhone = "UIInterfaceOrientationPortrait UIInterfaceOrientationLandscapeLeft UIInterfaceOrientationLandscapeRight";
				IPHONEOS_DEPLOYMENT_TARGET = 14.0;
				LD_RUNPATH_SEARCH_PATHS = (
					"$(inherited)",
					"@executable_path/Frameworks",
				);
				MARKETING_VERSION = 1.0;
				PRODUCT_BUNDLE_IDENTIFIER = com.alisongorman.Drawing;
				PRODUCT_NAME = Drawing;
				SDKROOT = iphoneos;
				SWIFT_EMIT_LOC_STRINGS = YES;
				SWIFT_VERSION = 5.0;
				TARGETED_DEVICE_FAMILY = "1,2";
			};
			name = Debug;
		};
		5545EE932702690900583BF8 /* Release */ = {
			isa = XCBuildConfiguration;
			buildSettings = {
				ASSETCATALOG_COMPILER_APPICON_NAME = AppIcon;
				ASSETCATALOG_COMPILER_GLOBAL_ACCENT_COLOR_NAME = AccentColor;
				CODE_SIGN_STYLE = Automatic;
				CURRENT_PROJECT_VERSION = 1;
				DEVELOPMENT_TEAM = 4BKTHAXDJZ;
				ENABLE_PREVIEWS = YES;
				GENERATE_INFOPLIST_FILE = YES;
				INFOPLIST_KEY_UIApplicationSceneManifest_Generation = YES;
				INFOPLIST_KEY_UIApplicationSupportsIndirectInputEvents = YES;
				INFOPLIST_KEY_UILaunchScreen_Generation = YES;
				INFOPLIST_KEY_UISupportedInterfaceOrientations_iPad = "UIInterfaceOrientationPortrait UIInterfaceOrientationPortraitUpsideDown UIInterfaceOrientationLandscapeLeft UIInterfaceOrientationLandscapeRight";
				INFOPLIST_KEY_UISupportedInterfaceOrientations_iPhone = "UIInterfaceOrientationPortrait UIInterfaceOrientationLandscapeLeft UIInterfaceOrientationLandscapeRight";
				IPHONEOS_DEPLOYMENT_TARGET = 14.0;
				LD_RUNPATH_SEARCH_PATHS = (
					"$(inherited)",
					"@executable_path/Frameworks",
				);
				MARKETING_VERSION = 1.0;
				PRODUCT_BUNDLE_IDENTIFIER = com.alisongorman.Drawing;
				PRODUCT_NAME = Drawing;
				SDKROOT = iphoneos;
				SWIFT_EMIT_LOC_STRINGS = YES;
				SWIFT_VERSION = 5.0;
				TARGETED_DEVICE_FAMILY = "1,2";
				VALIDATE_PRODUCT = YES;
			};
			name = Release;
		};
		5545EE952702690900583BF8 /* Debug */ = {
			isa = XCBuildConfiguration;
			buildSettings = {
				ASSETCATALOG_COMPILER_APPICON_NAME = AppIcon;
				ASSETCATALOG_COMPILER_GLOBAL_ACCENT_COLOR_NAME = AccentColor;
				CODE_SIGN_ENTITLEMENTS = macOS/macOS.entitlements;
				CODE_SIGN_STYLE = Automatic;
				COMBINE_HIDPI_IMAGES = YES;
				CURRENT_PROJECT_VERSION = 1;
				DEVELOPMENT_TEAM = 4BKTHAXDJZ;
				ENABLE_HARDENED_RUNTIME = YES;
				ENABLE_PREVIEWS = YES;
				GENERATE_INFOPLIST_FILE = YES;
				INFOPLIST_KEY_NSHumanReadableCopyright = "";
				LD_RUNPATH_SEARCH_PATHS = (
					"$(inherited)",
					"@executable_path/../Frameworks",
				);
				MACOSX_DEPLOYMENT_TARGET = 11.0;
				MARKETING_VERSION = 1.0;
				PRODUCT_BUNDLE_IDENTIFIER = com.alisongorman.Drawing;
				PRODUCT_NAME = Drawing;
				SDKROOT = macosx;
				SWIFT_EMIT_LOC_STRINGS = YES;
				SWIFT_VERSION = 5.0;
			};
			name = Debug;
		};
		5545EE962702690900583BF8 /* Release */ = {
			isa = XCBuildConfiguration;
			buildSettings = {
				ASSETCATALOG_COMPILER_APPICON_NAME = AppIcon;
				ASSETCATALOG_COMPILER_GLOBAL_ACCENT_COLOR_NAME = AccentColor;
				CODE_SIGN_ENTITLEMENTS = macOS/macOS.entitlements;
				CODE_SIGN_STYLE = Automatic;
				COMBINE_HIDPI_IMAGES = YES;
				CURRENT_PROJECT_VERSION = 1;
				DEVELOPMENT_TEAM = 4BKTHAXDJZ;
				ENABLE_HARDENED_RUNTIME = YES;
				ENABLE_PREVIEWS = YES;
				GENERATE_INFOPLIST_FILE = YES;
				INFOPLIST_KEY_NSHumanReadableCopyright = "";
				LD_RUNPATH_SEARCH_PATHS = (
					"$(inherited)",
					"@executable_path/../Frameworks",
				);
				MACOSX_DEPLOYMENT_TARGET = 11.0;
				MARKETING_VERSION = 1.0;
				PRODUCT_BUNDLE_IDENTIFIER = com.alisongorman.Drawing;
				PRODUCT_NAME = Drawing;
				SDKROOT = macosx;
				SWIFT_EMIT_LOC_STRINGS = YES;
				SWIFT_VERSION = 5.0;
			};
			name = Release;
		};
/* End XCBuildConfiguration section */

/* Begin XCConfigurationList section */
		5545EE772702690500583BF8 /* Build configuration list for PBXProject "Drawing" */ = {
			isa = XCConfigurationList;
			buildConfigurations = (
				5545EE8F2702690900583BF8 /* Debug */,
				5545EE902702690900583BF8 /* Release */,
			);
			defaultConfigurationIsVisible = 0;
			defaultConfigurationName = Release;
		};
		5545EE912702690900583BF8 /* Build configuration list for PBXNativeTarget "Drawing (iOS)" */ = {
			isa = XCConfigurationList;
			buildConfigurations = (
				5545EE922702690900583BF8 /* Debug */,
				5545EE932702690900583BF8 /* Release */,
			);
			defaultConfigurationIsVisible = 0;
			defaultConfigurationName = Release;
		};
		5545EE942702690900583BF8 /* Build configuration list for PBXNativeTarget "Drawing (macOS)" */ = {
			isa = XCConfigurationList;
			buildConfigurations = (
				5545EE952702690900583BF8 /* Debug */,
				5545EE962702690900583BF8 /* Release */,
			);
			defaultConfigurationIsVisible = 0;
			defaultConfigurationName = Release;
		};
/* End XCConfigurationList section */
	};
	rootObject = 5545EE742702690500583BF8 /* Project object */;
}
